
Microsoft Visual Studio Solution File, Format Version 12.00
# Visual Studio Version 16
VisualStudioVersion = 16.0.30225.117
MinimumVisualStudioVersion = 10.0.40219.1
Project("{FAE04EC0-301F-11D3-BF4B-00C04F79EFBC}") = "WindowsFormsApp10", "WindowsFormsApp10\WindowsFormsApp10.csproj", "{110B966E-E44D-4024-94CA-C28D28641A5A}"
EndProject
Global
	GlobalSection(SolutionConfigurationPlatforms) = preSolution
		Debug|Any CPU = Debug|Any CPU
		Release|Any CPU = Release|Any CPU
	EndGlobalSection
	GlobalSection(ProjectConfigurationPlatforms) = postSolution
		{110B966E-E44D-4024-94CA-C28D28641A5A}.Debug|Any CPU.ActiveCfg = Debug|Any CPU
		{110B966E-E44D-4024-94CA-C28D28641A5A}.Debug|Any CPU.Build.0 = Debug|Any CPU
		{110B966E-E44D-4024-94CA-C28D28641A5A}.Release|Any CPU.ActiveCfg = Release|Any CPU
		{110B966E-E44D-4024-94CA-C28D28641A5A}.Release|Any CPU.Build.0 = Release|Any CPU
	EndGlobalSection
	GlobalSection(SolutionProperties) = preSolution
		HideSolutionNode = FALSE
	EndGlobalSection
	GlobalSection(ExtensibilityGlobals) = postSolution
		SolutionGuid = {EF4FC973-1CAC-4341-B640-9FA4F8C21004}
	EndGlobalSection
EndGlobal
